
Microsoft Visual Studio Solution File, Format Version 12.00
# Visual Studio Version 17
VisualStudioVersion = 17.3.32901.215
MinimumVisualStudioVersion = 10.0.40219.1
Project("{FAE04EC0-301F-11D3-BF4B-00C04F79EFBC}") = "LB5_2", "LB5_2\LB5_2.csproj", "{63C683B7-488B-483A-A043-FA670F9A8C47}"
EndProject
Global
	GlobalSection(SolutionConfigurationPlatforms) = preSolution
		Debug|Any CPU = Debug|Any CPU
		Release|Any CPU = Release|Any CPU
	EndGlobalSection
	GlobalSection(ProjectConfigurationPlatforms) = postSolution
		{63C683B7-488B-483A-A043-FA670F9A8C47}.Debug|Any CPU.ActiveCfg = Debug|Any CPU
		{63C683B7-488B-483A-A043-FA670F9A8C47}.Debug|Any CPU.Build.0 = Debug|Any CPU
		{63C683B7-488B-483A-A043-FA670F9A8C47}.Release|Any CPU.ActiveCfg = Release|Any CPU
		{63C683B7-488B-483A-A043-FA670F9A8C47}.Release|Any CPU.Build.0 = Release|Any CPU
	EndGlobalSection
	GlobalSection(SolutionProperties) = preSolution
		HideSolutionNode = FALSE
	EndGlobalSection
	GlobalSection(ExtensibilityGlobals) = postSolution
		SolutionGuid = {FC68D633-22E8-4ED9-A9F0-D583A63C3750}
	EndGlobalSection
EndGlobal
